// !$*UTF8*$!
{
	archiveVersion = 1;
	classes = {
	};
	objectVersion = 46;
	objects = {

/* Begin PBXBuildFile section */
		3197BE98193FDC600013A4B8 /* EmojiViewController.swift in Sources */ = {isa = PBXBuildFile; fileRef = 3197BE97193FDC600013A4B8 /* EmojiViewController.swift */; };
		3197BE9B193FE8C30013A4B8 /* EmojiViewController.xib in Resources */ = {isa = PBXBuildFile; fileRef = 3197BE9A193FE8C30013A4B8 /* EmojiViewController.xib */; };
		31A26BA5193E755B00E47F81 /* MasterListViewController.swift in Sources */ = {isa = PBXBuildFile; fileRef = 31A26BA4193E755B00E47F81 /* MasterListViewController.swift */; };
		31A26BA7193E76CF00E47F81 /* DateTableViewCell.xib in Resources */ = {isa = PBXBuildFile; fileRef = 31A26BA6193E76CF00E47F81 /* DateTableViewCell.xib */; };
		31A26BAA193E776D00E47F81 /* ExampleTableViewCell.xib in Resources */ = {isa = PBXBuildFile; fileRef = 31A26BA9193E776D00E47F81 /* ExampleTableViewCell.xib */; };
		31E4C22E193EE0F600F04FC8 /* Main~iPad.storyboard in Resources */ = {isa = PBXBuildFile; fileRef = 31E4C22C193EE0F600F04FC8 /* Main~iPad.storyboard */; };
		31E4C22F193EE0F600F04FC8 /* Main~iPhone.storyboard in Resources */ = {isa = PBXBuildFile; fileRef = 31E4C22D193EE0F600F04FC8 /* Main~iPhone.storyboard */; };
		31E4C234193EE16F00F04FC8 /* ExampleTableViewCell.swift in Sources */ = {isa = PBXBuildFile; fileRef = 31E4C233193EE16F00F04FC8 /* ExampleTableViewCell.swift */; };
		31FE8F20193D35D500BA644C /* AppDelegate.swift in Sources */ = {isa = PBXBuildFile; fileRef = 31FE8F1F193D35D500BA644C /* AppDelegate.swift */; };
		31FE8F22193D35D500BA644C /* MasterViewController.swift in Sources */ = {isa = PBXBuildFile; fileRef = 31FE8F21193D35D500BA644C /* MasterViewController.swift */; };
		31FE8F24193D35D500BA644C /* DetailViewController.swift in Sources */ = {isa = PBXBuildFile; fileRef = 31FE8F23193D35D500BA644C /* DetailViewController.swift */; };
		31FE8F29193D35D500BA644C /* Images.xcassets in Resources */ = {isa = PBXBuildFile; fileRef = 31FE8F28193D35D500BA644C /* Images.xcassets */; };
		31FE8F35193D35D500BA644C /* SwiftyTests.swift in Sources */ = {isa = PBXBuildFile; fileRef = 31FE8F34193D35D500BA644C /* SwiftyTests.swift */; };
/* End PBXBuildFile section */

/* Begin PBXContainerItemProxy section */
		31E4C235193EE18500F04FC8 /* PBXContainerItemProxy */ = {
			isa = PBXContainerItemProxy;
			containerPortal = 31FE8F12193D35D500BA644C /* Project object */;
			proxyType = 1;
			remoteGlobalIDString = 31FE8F19193D35D500BA644C;
			remoteInfo = Swifty;
		};
		31E4C237193EE1A600F04FC8 /* PBXContainerItemProxy */ = {
			isa = PBXContainerItemProxy;
			containerPortal = 31FE8F12193D35D500BA644C /* Project object */;
			proxyType = 1;
			remoteGlobalIDString = 31FE8F19193D35D500BA644C;
			remoteInfo = Swifty;
		};
		31FE8F2F193D35D500BA644C /* PBXContainerItemProxy */ = {
			isa = PBXContainerItemProxy;
			containerPortal = 31FE8F12193D35D500BA644C /* Project object */;
			proxyType = 1;
			remoteGlobalIDString = 31FE8F19193D35D500BA644C;
			remoteInfo = Swifty;
		};
/* End PBXContainerItemProxy section */

/* Begin PBXFileReference section */
		3197BE97193FDC600013A4B8 /* EmojiViewController.swift */ = {isa = PBXFileReference; fileEncoding = 4; lastKnownFileType = sourcecode.swift; path = EmojiViewController.swift; sourceTree = "<group>"; };
		3197BE9A193FE8C30013A4B8 /* EmojiViewController.xib */ = {isa = PBXFileReference; fileEncoding = 4; lastKnownFileType = file.xib; path = EmojiViewController.xib; sourceTree = "<group>"; };
		31A26BA4193E755B00E47F81 /* MasterListViewController.swift */ = {isa = PBXFileReference; fileEncoding = 4; lastKnownFileType = sourcecode.swift; path = MasterListViewController.swift; sourceTree = "<group>"; };
		31A26BA6193E76CF00E47F81 /* DateTableViewCell.xib */ = {isa = PBXFileReference; fileEncoding = 4; lastKnownFileType = file.xib; name = DateTableViewCell.xib; path = Swifty/Views/DateTableViewCell.xib; sourceTree = "<group>"; };
		31A26BA9193E776D00E47F81 /* ExampleTableViewCell.xib */ = {isa = PBXFileReference; fileEncoding = 4; lastKnownFileType = file.xib; name = ExampleTableViewCell.xib; path = Swifty/Views/ExampleTableViewCell.xib; sourceTree = "<group>"; };
		31E4C22C193EE0F600F04FC8 /* Main~iPad.storyboard */ = {isa = PBXFileReference; fileEncoding = 4; lastKnownFileType = file.storyboard; path = "Main~iPad.storyboard"; sourceTree = "<group>"; };
		31E4C22D193EE0F600F04FC8 /* Main~iPhone.storyboard */ = {isa = PBXFileReference; fileEncoding = 4; lastKnownFileType = file.storyboard; path = "Main~iPhone.storyboard"; sourceTree = "<group>"; };
		31E4C233193EE16F00F04FC8 /* ExampleTableViewCell.swift */ = {isa = PBXFileReference; fileEncoding = 4; lastKnownFileType = sourcecode.swift; name = ExampleTableViewCell.swift; path = Swifty/ExampleTableViewCell.swift; sourceTree = "<group>"; };
		31FE8F1A193D35D500BA644C /* Swifty.app */ = {isa = PBXFileReference; explicitFileType = wrapper.application; includeInIndex = 0; path = Swifty.app; sourceTree = BUILT_PRODUCTS_DIR; };
		31FE8F1E193D35D500BA644C /* Info.plist */ = {isa = PBXFileReference; lastKnownFileType = text.plist.xml; path = Info.plist; sourceTree = "<group>"; };
		31FE8F1F193D35D500BA644C /* AppDelegate.swift */ = {isa = PBXFileReference; lastKnownFileType = sourcecode.swift; path = AppDelegate.swift; sourceTree = "<group>"; };
		31FE8F21193D35D500BA644C /* MasterViewController.swift */ = {isa = PBXFileReference; lastKnownFileType = sourcecode.swift; path = MasterViewController.swift; sourceTree = "<group>"; };
		31FE8F23193D35D500BA644C /* DetailViewController.swift */ = {isa = PBXFileReference; lastKnownFileType = sourcecode.swift; path = DetailViewController.swift; sourceTree = "<group>"; };
		31FE8F28193D35D500BA644C /* Images.xcassets */ = {isa = PBXFileReference; lastKnownFileType = folder.assetcatalog; path = Images.xcassets; sourceTree = "<group>"; };
		31FE8F2E193D35D500BA644C /* SwiftyTests.xctest */ = {isa = PBXFileReference; explicitFileType = wrapper.cfbundle; includeInIndex = 0; path = SwiftyTests.xctest; sourceTree = BUILT_PRODUCTS_DIR; };
		31FE8F33193D35D500BA644C /* Info.plist */ = {isa = PBXFileReference; lastKnownFileType = text.plist.xml; path = Info.plist; sourceTree = "<group>"; };
		31FE8F34193D35D500BA644C /* SwiftyTests.swift */ = {isa = PBXFileReference; lastKnownFileType = sourcecode.swift; path = SwiftyTests.swift; sourceTree = "<group>"; };
/* End PBXFileReference section */

/* Begin PBXFrameworksBuildPhase section */
		31FE8F17193D35D500BA644C /* Frameworks */ = {
			isa = PBXFrameworksBuildPhase;
			buildActionMask = 2147483647;
			files = (
			);
			runOnlyForDeploymentPostprocessing = 0;
		};
		31FE8F2B193D35D500BA644C /* Frameworks */ = {
			isa = PBXFrameworksBuildPhase;
			buildActionMask = 2147483647;
			files = (
			);
			runOnlyForDeploymentPostprocessing = 0;
		};
/* End PBXFrameworksBuildPhase section */

/* Begin PBXGroup section */
		3197BE99193FE84A0013A4B8 /* Example ViewControllers */ = {
			isa = PBXGroup;
			children = (
				3197BE97193FDC600013A4B8 /* EmojiViewController.swift */,
				3197BE9A193FE8C30013A4B8 /* EmojiViewController.xib */,
			);
			name = "Example ViewControllers";
			sourceTree = "<group>";
		};
		31A26BA8193E771600E47F81 /* Other Views */ = {
			isa = PBXGroup;
			children = (
				31E4C233193EE16F00F04FC8 /* ExampleTableViewCell.swift */,
				31A26BA9193E776D00E47F81 /* ExampleTableViewCell.xib */,
				31A26BA6193E76CF00E47F81 /* DateTableViewCell.xib */,
			);
			name = "Other Views";
			path = ..;
			sourceTree = "<group>";
		};
		31FE8F11193D35D500BA644C = {
			isa = PBXGroup;
			children = (
				31FE8F1C193D35D500BA644C /* Swifty */,
				31FE8F31193D35D500BA644C /* SwiftyTests */,
				31FE8F1B193D35D500BA644C /* Products */,
			);
			sourceTree = "<group>";
		};
		31FE8F1B193D35D500BA644C /* Products */ = {
			isa = PBXGroup;
			children = (
				31FE8F1A193D35D500BA644C /* Swifty.app */,
				31FE8F2E193D35D500BA644C /* SwiftyTests.xctest */,
			);
			name = Products;
			sourceTree = "<group>";
		};
		31FE8F1C193D35D500BA644C /* Swifty */ = {
			isa = PBXGroup;
			children = (
				31FE8F1F193D35D500BA644C /* AppDelegate.swift */,
				31FE8F21193D35D500BA644C /* MasterViewController.swift */,
				31A26BA4193E755B00E47F81 /* MasterListViewController.swift */,
				31FE8F23193D35D500BA644C /* DetailViewController.swift */,
				31E4C22C193EE0F600F04FC8 /* Main~iPad.storyboard */,
				31E4C22D193EE0F600F04FC8 /* Main~iPhone.storyboard */,
				31A26BA8193E771600E47F81 /* Other Views */,
				31FE8F28193D35D500BA644C /* Images.xcassets */,
				31FE8F1D193D35D500BA644C /* Supporting Files */,
				3197BE99193FE84A0013A4B8 /* Example ViewControllers */,
			);
			path = Swifty;
			sourceTree = "<group>";
		};
		31FE8F1D193D35D500BA644C /* Supporting Files */ = {
			isa = PBXGroup;
			children = (
				31FE8F1E193D35D500BA644C /* Info.plist */,
			);
			name = "Supporting Files";
			sourceTree = "<group>";
		};
		31FE8F31193D35D500BA644C /* SwiftyTests */ = {
			isa = PBXGroup;
			children = (
				31FE8F34193D35D500BA644C /* SwiftyTests.swift */,
				31FE8F32193D35D500BA644C /* Supporting Files */,
			);
			path = SwiftyTests;
			sourceTree = "<group>";
		};
		31FE8F32193D35D500BA644C /* Supporting Files */ = {
			isa = PBXGroup;
			children = (
				31FE8F33193D35D500BA644C /* Info.plist */,
			);
			name = "Supporting Files";
			sourceTree = "<group>";
		};
/* End PBXGroup section */

/* Begin PBXNativeTarget section */
		31FE8F19193D35D500BA644C /* Swifty */ = {
			isa = PBXNativeTarget;
			buildConfigurationList = 31FE8F38193D35D500BA644C /* Build configuration list for PBXNativeTarget "Swifty" */;
			buildPhases = (
				31FE8F16193D35D500BA644C /* Sources */,
				31FE8F17193D35D500BA644C /* Frameworks */,
				31FE8F18193D35D500BA644C /* Resources */,
			);
			buildRules = (
			);
			dependencies = (
			);
			name = Swifty;
			productName = Swifty;
			productReference = 31FE8F1A193D35D500BA644C /* Swifty.app */;
			productType = "com.apple.product-type.application";
		};
		31FE8F2D193D35D500BA644C /* SwiftyTests */ = {
			isa = PBXNativeTarget;
			buildConfigurationList = 31FE8F3B193D35D500BA644C /* Build configuration list for PBXNativeTarget "SwiftyTests" */;
			buildPhases = (
				31FE8F2A193D35D500BA644C /* Sources */,
				31FE8F2B193D35D500BA644C /* Frameworks */,
				31FE8F2C193D35D500BA644C /* Resources */,
			);
			buildRules = (
			);
			dependencies = (
				31FE8F30193D35D500BA644C /* PBXTargetDependency */,
				31E4C236193EE18500F04FC8 /* PBXTargetDependency */,
				31E4C238193EE1A600F04FC8 /* PBXTargetDependency */,
			);
			name = SwiftyTests;
			productName = SwiftyTests;
			productReference = 31FE8F2E193D35D500BA644C /* SwiftyTests.xctest */;
			productType = "com.apple.product-type.bundle.unit-test";
		};
/* End PBXNativeTarget section */

/* Begin PBXProject section */
		31FE8F12193D35D500BA644C /* Project object */ = {
			isa = PBXProject;
			attributes = {
				LastUpgradeCheck = 0600;
				ORGANIZATIONNAME = andrewTremblayLLC;
				TargetAttributes = {
					31FE8F19193D35D500BA644C = {
						CreatedOnToolsVersion = 6.0;
					};
					31FE8F2D193D35D500BA644C = {
						CreatedOnToolsVersion = 6.0;
						TestTargetID = 31FE8F19193D35D500BA644C;
					};
				};
			};
			buildConfigurationList = 31FE8F15193D35D500BA644C /* Build configuration list for PBXProject "Swifty" */;
			compatibilityVersion = "Xcode 3.2";
			developmentRegion = English;
			hasScannedForEncodings = 0;
			knownRegions = (
				en,
				Base,
			);
			mainGroup = 31FE8F11193D35D500BA644C;
			productRefGroup = 31FE8F1B193D35D500BA644C /* Products */;
			projectDirPath = "";
			projectRoot = "";
			targets = (
				31FE8F19193D35D500BA644C /* Swifty */,
				31FE8F2D193D35D500BA644C /* SwiftyTests */,
			);
		};
/* End PBXProject section */

/* Begin PBXResourcesBuildPhase section */
		31FE8F18193D35D500BA644C /* Resources */ = {
			isa = PBXResourcesBuildPhase;
			buildActionMask = 2147483647;
			files = (
				31E4C22E193EE0F600F04FC8 /* Main~iPad.storyboard in Resources */,
				31E4C22F193EE0F600F04FC8 /* Main~iPhone.storyboard in Resources */,
				31A26BA7193E76CF00E47F81 /* DateTableViewCell.xib in Resources */,
				31A26BAA193E776D00E47F81 /* ExampleTableViewCell.xib in Resources */,
				31FE8F29193D35D500BA644C /* Images.xcassets in Resources */,
				3197BE9B193FE8C30013A4B8 /* EmojiViewController.xib in Resources */,
			);
			runOnlyForDeploymentPostprocessing = 0;
		};
		31FE8F2C193D35D500BA644C /* Resources */ = {
			isa = PBXResourcesBuildPhase;
			buildActionMask = 2147483647;
			files = (
			);
			runOnlyForDeploymentPostprocessing = 0;
		};
/* End PBXResourcesBuildPhase section */

/* Begin PBXSourcesBuildPhase section */
		31FE8F16193D35D500BA644C /* Sources */ = {
			isa = PBXSourcesBuildPhase;
			buildActionMask = 2147483647;
			files = (
				31E4C234193EE16F00F04FC8 /* ExampleTableViewCell.swift in Sources */,
				31A26BA5193E755B00E47F81 /* MasterListViewController.swift in Sources */,
				3197BE98193FDC600013A4B8 /* EmojiViewController.swift in Sources */,
				31FE8F24193D35D500BA644C /* DetailViewController.swift in Sources */,
				31FE8F22193D35D500BA644C /* MasterViewController.swift in Sources */,
				31FE8F20193D35D500BA644C /* AppDelegate.swift in Sources */,
			);
			runOnlyForDeploymentPostprocessing = 0;
		};
		31FE8F2A193D35D500BA644C /* Sources */ = {
			isa = PBXSourcesBuildPhase;
			buildActionMask = 2147483647;
			files = (
				31FE8F35193D35D500BA644C /* SwiftyTests.swift in Sources */,
			);
			runOnlyForDeploymentPostprocessing = 0;
		};
/* End PBXSourcesBuildPhase section */

/* Begin PBXTargetDependency section */
		31E4C236193EE18500F04FC8 /* PBXTargetDependency */ = {
			isa = PBXTargetDependency;
			target = 31FE8F19193D35D500BA644C /* Swifty */;
			targetProxy = 31E4C235193EE18500F04FC8 /* PBXContainerItemProxy */;
		};
		31E4C238193EE1A600F04FC8 /* PBXTargetDependency */ = {
			isa = PBXTargetDependency;
			target = 31FE8F19193D35D500BA644C /* Swifty */;
			targetProxy = 31E4C237193EE1A600F04FC8 /* PBXContainerItemProxy */;
		};
		31FE8F30193D35D500BA644C /* PBXTargetDependency */ = {
			isa = PBXTargetDependency;
			target = 31FE8F19193D35D500BA644C /* Swifty */;
			targetProxy = 31FE8F2F193D35D500BA644C /* PBXContainerItemProxy */;
		};
/* End PBXTargetDependency section */

/* Begin XCBuildConfiguration section */
		31FE8F36193D35D500BA644C /* Debug */ = {
			isa = XCBuildConfiguration;
			buildSettings = {
				ALWAYS_SEARCH_USER_PATHS = NO;
				CLANG_CXX_LANGUAGE_STANDARD = "gnu++0x";
				CLANG_CXX_LIBRARY = "libc++";
				CLANG_ENABLE_MODULES = YES;
				CLANG_ENABLE_OBJC_ARC = YES;
				CLANG_WARN_BOOL_CONVERSION = YES;
				CLANG_WARN_CONSTANT_CONVERSION = YES;
				CLANG_WARN_DIRECT_OBJC_ISA_USAGE = YES_ERROR;
				CLANG_WARN_EMPTY_BODY = YES;
				CLANG_WARN_ENUM_CONVERSION = YES;
				CLANG_WARN_INT_CONVERSION = YES;
				CLANG_WARN_OBJC_ROOT_CLASS = YES_ERROR;
				CLANG_WARN_UNREACHABLE_CODE = YES;
				CLANG_WARN__DUPLICATE_METHOD_MATCH = YES;
				"CODE_SIGN_IDENTITY[sdk=iphoneos*]" = "iPhone Developer";
				COPY_PHASE_STRIP = NO;
				ENABLE_STRICT_OBJC_MSGSEND = YES;
				GCC_C_LANGUAGE_STANDARD = gnu99;
				GCC_DYNAMIC_NO_PIC = NO;
				GCC_OPTIMIZATION_LEVEL = 0;
				GCC_PREPROCESSOR_DEFINITIONS = (
					"DEBUG=1",
					"$(inherited)",
				);
				GCC_SYMBOLS_PRIVATE_EXTERN = NO;
				GCC_WARN_64_TO_32_BIT_CONVERSION = YES;
				GCC_WARN_ABOUT_RETURN_TYPE = YES_ERROR;
				GCC_WARN_UNDECLARED_SELECTOR = YES;
				GCC_WARN_UNINITIALIZED_AUTOS = YES_AGGRESSIVE;
				GCC_WARN_UNUSED_FUNCTION = YES;
				GCC_WARN_UNUSED_VARIABLE = YES;
				IPHONEOS_DEPLOYMENT_TARGET = 7.0;
				METAL_ENABLE_DEBUG_INFO = YES;
				ONLY_ACTIVE_ARCH = YES;
				SDKROOT = iphoneos;
				SWIFT_OPTIMIZATION_LEVEL = "-Onone";
				TARGETED_DEVICE_FAMILY = "1,2";
			};
			name = Debug;
		};
		31FE8F37193D35D500BA644C /* Release */ = {
			isa = XCBuildConfiguration;
			buildSettings = {
				ALWAYS_SEARCH_USER_PATHS = NO;
				CLANG_CXX_LANGUAGE_STANDARD = "gnu++0x";
				CLANG_CXX_LIBRARY = "libc++";
				CLANG_ENABLE_MODULES = YES;
				CLANG_ENABLE_OBJC_ARC = YES;
				CLANG_WARN_BOOL_CONVERSION = YES;
				CLANG_WARN_CONSTANT_CONVERSION = YES;
				CLANG_WARN_DIRECT_OBJC_ISA_USAGE = YES_ERROR;
				CLANG_WARN_EMPTY_BODY = YES;
				CLANG_WARN_ENUM_CONVERSION = YES;
				CLANG_WARN_INT_CONVERSION = YES;
				CLANG_WARN_OBJC_ROOT_CLASS = YES_ERROR;
				CLANG_WARN_UNREACHABLE_CODE = YES;
				CLANG_WARN__DUPLICATE_METHOD_MATCH = YES;
				"CODE_SIGN_IDENTITY[sdk=iphoneos*]" = "iPhone Developer";
				COPY_PHASE_STRIP = YES;
				ENABLE_NS_ASSERTIONS = NO;
				ENABLE_STRICT_OBJC_MSGSEND = YES;
				GCC_C_LANGUAGE_STANDARD = gnu99;
				GCC_WARN_64_TO_32_BIT_CONVERSION = YES;
				GCC_WARN_ABOUT_RETURN_TYPE = YES_ERROR;
				GCC_WARN_UNDECLARED_SELECTOR = YES;
				GCC_WARN_UNINITIALIZED_AUTOS = YES_AGGRESSIVE;
				GCC_WARN_UNUSED_FUNCTION = YES;
				GCC_WARN_UNUSED_VARIABLE = YES;
				IPHONEOS_DEPLOYMENT_TARGET = 7.0;
				METAL_ENABLE_DEBUG_INFO = NO;
				SDKROOT = iphoneos;
				TARGETED_DEVICE_FAMILY = "1,2";
				VALIDATE_PRODUCT = YES;
			};
			name = Release;
		};
		31FE8F39193D35D500BA644C /* Debug */ = {
			isa = XCBuildConfiguration;
			buildSettings = {
				ASSETCATALOG_COMPILER_APPICON_NAME = AppIcon;
				ASSETCATALOG_COMPILER_LAUNCHIMAGE_NAME = LaunchImage;
				CLANG_ENABLE_MODULES = YES;
				INFOPLIST_FILE = Swifty/Info.plist;
				IPHONEOS_DEPLOYMENT_TARGET = 7.0;
				LD_RUNPATH_SEARCH_PATHS = "$(inherited) @executable_path/Frameworks";
				PRODUCT_NAME = "$(TARGET_NAME)";
				SWIFT_OPTIMIZATION_LEVEL = "-Onone";
			};
			name = Debug;
		};
		31FE8F3A193D35D500BA644C /* Release */ = {
			isa = XCBuildConfiguration;
			buildSettings = {
				ASSETCATALOG_COMPILER_APPICON_NAME = AppIcon;
				ASSETCATALOG_COMPILER_LAUNCHIMAGE_NAME = LaunchImage;
				CLANG_ENABLE_MODULES = YES;
				INFOPLIST_FILE = Swifty/Info.plist;
				IPHONEOS_DEPLOYMENT_TARGET = 7.0;
				LD_RUNPATH_SEARCH_PATHS = "$(inherited) @executable_path/Frameworks";
				PRODUCT_NAME = "$(TARGET_NAME)";
			};
			name = Release;
		};
		31FE8F3C193D35D500BA644C /* Debug */ = {
			isa = XCBuildConfiguration;
			buildSettings = {
				BUNDLE_LOADER = "$(BUILT_PRODUCTS_DIR)/Swifty.app/Swifty";
				FRAMEWORK_SEARCH_PATHS = (
					"$(SDKROOT)/Developer/Library/Frameworks",
					"$(inherited)",
				);
				GCC_PREPROCESSOR_DEFINITIONS = (
					"DEBUG=1",
					"$(inherited)",
				);
				INFOPLIST_FILE = SwiftyTests/Info.plist;
				LD_RUNPATH_SEARCH_PATHS = "$(inherited) @executable_path/Frameworks @loader_path/Frameworks";
				METAL_ENABLE_DEBUG_INFO = YES;
				PRODUCT_NAME = "$(TARGET_NAME)";
				TEST_HOST = "$(BUNDLE_LOADER)";
			};
			name = Debug;
		};
		31FE8F3D193D35D500BA644C /* Release */ = {
			isa = XCBuildConfiguration;
			buildSettings = {
				BUNDLE_LOADER = "$(BUILT_PRODUCTS_DIR)/Swifty.app/Swifty";
				FRAMEWORK_SEARCH_PATHS = (
					"$(SDKROOT)/Developer/Library/Frameworks",
					"$(inherited)",
				);
				INFOPLIST_FILE = SwiftyTests/Info.plist;
				LD_RUNPATH_SEARCH_PATHS = "$(inherited) @executable_path/Frameworks @loader_path/Frameworks";
				METAL_ENABLE_DEBUG_INFO = NO;
				PRODUCT_NAME = "$(TARGET_NAME)";
				TEST_HOST = "$(BUNDLE_LOADER)";
			};
			name = Release;
		};
/* End XCBuildConfiguration section */

/* Begin XCConfigurationList section */
		31FE8F15193D35D500BA644C /* Build configuration list for PBXProject "Swifty" */ = {
			isa = XCConfigurationList;
			buildConfigurations = (
				31FE8F36193D35D500BA644C /* Debug */,
				31FE8F37193D35D500BA644C /* Release */,
			);
			defaultConfigurationIsVisible = 0;
			defaultConfigurationName = Release;
		};
		31FE8F38193D35D500BA644C /* Build configuration list for PBXNativeTarget "Swifty" */ = {
			isa = XCConfigurationList;
			buildConfigurations = (
				31FE8F39193D35D500BA644C /* Debug */,
				31FE8F3A193D35D500BA644C /* Release */,
			);
			defaultConfigurationIsVisible = 0;
			defaultConfigurationName = Release;
		};
		31FE8F3B193D35D500BA644C /* Build configuration list for PBXNativeTarget "SwiftyTests" */ = {
			isa = XCConfigurationList;
			buildConfigurations = (
				31FE8F3C193D35D500BA644C /* Debug */,
				31FE8F3D193D35D500BA644C /* Release */,
			);
			defaultConfigurationIsVisible = 0;
			defaultConfigurationName = Release;
		};
/* End XCConfigurationList section */
	};
	rootObject = 31FE8F12193D35D500BA644C /* Project object */;
}
